
Microsoft Visual Studio Solution File, Format Version 12.00
# Visual Studio Version 17
VisualStudioVersion = 17.0.32112.339
MinimumVisualStudioVersion = 10.0.40219.1
Project("{9A19103F-16F7-4668-BE54-9A1E7A4F7556}") = "FileCache", "src\FileCache.csproj", "{6F76DD76-D456-4DDC-A52C-30AE1EA355E2}"
EndProject
Project("{FAE04EC0-301F-11D3-BF4B-00C04F79EFBC}") = "TestProject", "TestProject\TestProject.csproj", "{034C3271-A4E5-4937-BA69-8D50C3851E58}"
EndProject
Global
	GlobalSection(SolutionConfigurationPlatforms) = preSolution
		Debug|Any CPU = Debug|Any CPU
		Release|Any CPU = Release|Any CPU
	EndGlobalSection
	GlobalSection(ProjectConfigurationPlatforms) = postSolution
		{6F76DD76-D456-4DDC-A52C-30AE1EA355E2}.Debug|Any CPU.ActiveCfg = Debug|Any CPU
		{6F76DD76-D456-4DDC-A52C-30AE1EA355E2}.Debug|Any CPU.Build.0 = Debug|Any CPU
		{6F76DD76-D456-4DDC-A52C-30AE1EA355E2}.Release|Any CPU.ActiveCfg = Release|Any CPU
		{6F76DD76-D456-4DDC-A52C-30AE1EA355E2}.Release|Any CPU.Build.0 = Release|Any CPU
		{034C3271-A4E5-4937-BA69-8D50C3851E58}.Debug|Any CPU.ActiveCfg = Debug|Any CPU
		{034C3271-A4E5-4937-BA69-8D50C3851E58}.Debug|Any CPU.Build.0 = Debug|Any CPU
		{034C3271-A4E5-4937-BA69-8D50C3851E58}.Release|Any CPU.ActiveCfg = Release|Any CPU
		{034C3271-A4E5-4937-BA69-8D50C3851E58}.Release|Any CPU.Build.0 = Release|Any CPU
	EndGlobalSection
	GlobalSection(SolutionProperties) = preSolution
		HideSolutionNode = FALSE
	EndGlobalSection
	GlobalSection(ExtensibilityGlobals) = postSolution
		SolutionGuid = {50E87FBB-43E3-482A-8ED8-91595AA70074}
	EndGlobalSection
EndGlobal
